
Microsoft Visual Studio Solution File, Format Version 12.00
Project("{FAE04EC0-301F-11D3-BF4B-00C04F79EFBC}") = "PinterestDesktopBot", "PinterestDesktopBot\PinterestDesktopBot.csproj", "{41CE3524-442F-479C-8DDC-C77D6E2E4C7C}"
EndProject
Global
	GlobalSection(SolutionConfigurationPlatforms) = preSolution
		Debug|Any CPU = Debug|Any CPU
		Release|Any CPU = Release|Any CPU
	EndGlobalSection
	GlobalSection(ProjectConfigurationPlatforms) = postSolution
		{41CE3524-442F-479C-8DDC-C77D6E2E4C7C}.Debug|Any CPU.ActiveCfg = Debug|Any CPU
		{41CE3524-442F-479C-8DDC-C77D6E2E4C7C}.Debug|Any CPU.Build.0 = Debug|Any CPU
		{41CE3524-442F-479C-8DDC-C77D6E2E4C7C}.Release|Any CPU.ActiveCfg = Release|Any CPU
		{41CE3524-442F-479C-8DDC-C77D6E2E4C7C}.Release|Any CPU.Build.0 = Release|Any CPU
	EndGlobalSection
EndGlobal
